
Microsoft Visual Studio Solution File, Format Version 12.00
Project("{FAE04EC0-301F-11D3-BF4B-00C04F79EFBC}") = "Marketer", "Marketer\Marketer.csproj", "{5229B488-1316-461D-8E09-D6256FAC570C}"
EndProject
Project("{2150E333-8FDC-42A3-9474-1A3956D46DE8}") = "Solution Items", "Solution Items", "{58AA3B97-9DC4-494B-8B36-0CC103072D73}"
	ProjectSection(SolutionItems) = preProject
		docker-compose.yml = docker-compose.yml
		.gitignore = .gitignore
	EndProjectSection
EndProject
Project("{FAE04EC0-301F-11D3-BF4B-00C04F79EFBC}") = "Marketer.Data", "Marketer.Data\Marketer.Data.csproj", "{F68CF009-D580-44E7-959A-84D86F036917}"
EndProject
Project("{FAE04EC0-301F-11D3-BF4B-00C04F79EFBC}") = "Marketer.Test", "Marketer.Test\Marketer.Test.csproj", "{1E81652C-6336-45A2-B1A9-AA7ACE463E42}"
EndProject
Project("{FAE04EC0-301F-11D3-BF4B-00C04F79EFBC}") = "Marketer.Desktop", "Marketer.Desktop\Marketer.Desktop.csproj", "{03C0A46A-2B41-41B3-9CA6-CD06179D1FA7}"
EndProject
Project("{FAE04EC0-301F-11D3-BF4B-00C04F79EFBC}") = "Marketer.Common", "Marketer.Common\Marketer.Common.csproj", "{AC48573C-0AF0-449D-AD95-4216B2C0F9F6}"
EndProject
Global
	GlobalSection(SolutionConfigurationPlatforms) = preSolution
		Debug|Any CPU = Debug|Any CPU
		Release|Any CPU = Release|Any CPU
	EndGlobalSection
	GlobalSection(ProjectConfigurationPlatforms) = postSolution
		{5229B488-1316-461D-8E09-D6256FAC570C}.Debug|Any CPU.ActiveCfg = Debug|Any CPU
		{5229B488-1316-461D-8E09-D6256FAC570C}.Debug|Any CPU.Build.0 = Debug|Any CPU
		{5229B488-1316-461D-8E09-D6256FAC570C}.Release|Any CPU.ActiveCfg = Release|Any CPU
		{5229B488-1316-461D-8E09-D6256FAC570C}.Release|Any CPU.Build.0 = Release|Any CPU
		{F68CF009-D580-44E7-959A-84D86F036917}.Debug|Any CPU.ActiveCfg = Debug|Any CPU
		{F68CF009-D580-44E7-959A-84D86F036917}.Debug|Any CPU.Build.0 = Debug|Any CPU
		{F68CF009-D580-44E7-959A-84D86F036917}.Release|Any CPU.ActiveCfg = Release|Any CPU
		{F68CF009-D580-44E7-959A-84D86F036917}.Release|Any CPU.Build.0 = Release|Any CPU
		{1E81652C-6336-45A2-B1A9-AA7ACE463E42}.Debug|Any CPU.ActiveCfg = Debug|Any CPU
		{1E81652C-6336-45A2-B1A9-AA7ACE463E42}.Debug|Any CPU.Build.0 = Debug|Any CPU
		{1E81652C-6336-45A2-B1A9-AA7ACE463E42}.Release|Any CPU.ActiveCfg = Release|Any CPU
		{1E81652C-6336-45A2-B1A9-AA7ACE463E42}.Release|Any CPU.Build.0 = Release|Any CPU
		{03C0A46A-2B41-41B3-9CA6-CD06179D1FA7}.Debug|Any CPU.ActiveCfg = Debug|Any CPU
		{03C0A46A-2B41-41B3-9CA6-CD06179D1FA7}.Debug|Any CPU.Build.0 = Debug|Any CPU
		{03C0A46A-2B41-41B3-9CA6-CD06179D1FA7}.Release|Any CPU.ActiveCfg = Release|Any CPU
		{03C0A46A-2B41-41B3-9CA6-CD06179D1FA7}.Release|Any CPU.Build.0 = Release|Any CPU
		{AC48573C-0AF0-449D-AD95-4216B2C0F9F6}.Debug|Any CPU.ActiveCfg = Debug|Any CPU
		{AC48573C-0AF0-449D-AD95-4216B2C0F9F6}.Debug|Any CPU.Build.0 = Debug|Any CPU
		{AC48573C-0AF0-449D-AD95-4216B2C0F9F6}.Release|Any CPU.ActiveCfg = Release|Any CPU
		{AC48573C-0AF0-449D-AD95-4216B2C0F9F6}.Release|Any CPU.Build.0 = Release|Any CPU
	EndGlobalSection
EndGlobal
